{
  "name": "@swup/ga-plugin",
  "version": "2.0.0",
  "lockfileVersion": 3,
  "requires": true,
  "packages": {
    "": {
      "name": "@swup/ga-plugin",
      "version": "2.0.0",
      "license": "MIT",
      "dependencies": {
        "@swup/plugin": "^4.0.0"
      },
      "peerDependencies": {
        "swup": "^4.0.0"
      }
    },
    "node_modules/@swup/plugin": {
      "version": "4.0.0",
      "resolved": "https://registry.npmjs.org/@swup/plugin/-/plugin-4.0.0.tgz",
      "integrity": "sha512-3Kq31BJxnzoPg643YxGoWQggoU6VPKZpdE5CqqmP7wwkpCYTzkRmrfcQ29mGhsSS7xfS7D33iZoBiwY+wPoo2A==",
      "dependencies": {
        "swup": "^4.0.0"
      }
    },
    "node_modules/delegate-it": {
      "version": "6.0.1",
      "resolved": "https://registry.npmjs.org/delegate-it/-/delegate-it-6.0.1.tgz",
      "integrity": "sha512-ZS2hRm/SaoPzaeWcWyYjzVVF4/PgALZqma9FXsunFt4XQGVAtQ79Vx7v57vNQNaI75Rl12C+x6TkLqHS5PNKLg==",
      "dependencies": {
        "typed-query-selector": "^2.10.0"
      },
      "funding": {
        "url": "https://github.com/sponsors/fregante"
      }
    },
    "node_modules/opencollective-postinstall": {
      "version": "2.0.3",
      "resolved": "https://registry.npmjs.org/opencollective-postinstall/-/opencollective-postinstall-2.0.3.tgz",
      "integrity": "sha512-8AV/sCtuzUeTo8gQK5qDZzARrulB3egtLzFgteqB2tcT4Mw7B8Kt7JcDHmltjz6FOAHsvTevk70gZEbhM4ZS9Q==",
      "bin": {
        "opencollective-postinstall": "index.js"
      }
    },
    "node_modules/path-to-regexp": {
      "version": "6.3.0",
      "resolved": "https://registry.npmjs.org/path-to-regexp/-/path-to-regexp-6.3.0.tgz",
      "integrity": "sha512-Yhpw4T9C6hPpgPeA28us07OJeqZ5EzQTkbfwuhsUg0c237RomFoETJgmp2sa3F/41gfLE6G5cqcYwznmeEeOlQ=="
    },
    "node_modules/swup": {
      "version": "4.0.0",
      "resolved": "https://registry.npmjs.org/swup/-/swup-4.0.0.tgz",
      "integrity": "sha512-GQX9WKFJBe4mZaryKkb8QZHsVP9u0GbMauD/B/msthNFB7rbUOqO1eSvaZB9d4TypHCjbviZ6kKac0v9vChOOA==",
      "hasInstallScript": true,
      "dependencies": {
        "delegate-it": "^6.0.0",
        "opencollective-postinstall": "^2.0.2",
        "path-to-regexp": "^6.2.1"
      }
    },
    "node_modules/typed-query-selector": {
      "version": "2.11.0",
      "resolved": "https://registry.npmjs.org/typed-query-selector/-/typed-query-selector-2.11.0.tgz",
      "integrity": "sha512-qBs4sfmnLlPOyo2oSdvHbIFHe2CPgU54/1UGfSNceb7LARpIEVxUaeRX0Doje6oKpuySS2stqy90R3YrynR8Kg=="
    }
  }
}
